
Microsoft Visual Studio Solution File, Format Version 12.00
# Visual Studio Version 16
VisualStudioVersion = 16.0.31424.327
MinimumVisualStudioVersion = 10.0.40219.1
Project("{9A19103F-16F7-4668-BE54-9A1E7A4F7556}") = "Telecomm", "Telecomm\Telecomm.csproj", "{2A044BB0-D568-4DA5-808F-749F51A542A2}"
EndProject
Project("{9A19103F-16F7-4668-BE54-9A1E7A4F7556}") = "UnitTesting.Tests", "UnitTesting.Tests\UnitTesting.Tests.csproj", "{44863134-02BA-484B-9DA4-221F0E4BD0ED}"
EndProject
Project("{FAE04EC0-301F-11D3-BF4B-00C04F79EFBC}") = "DemoCodigoBarras", "DemoCodigoBarras\DemoCodigoBarras.csproj", "{D2562C6F-622B-49D0-81A8-FD785B65D2E1}"
EndProject
Global
	GlobalSection(SolutionConfigurationPlatforms) = preSolution
		Debug|Any CPU = Debug|Any CPU
		Release|Any CPU = Release|Any CPU
	EndGlobalSection
	GlobalSection(ProjectConfigurationPlatforms) = postSolution
		{2A044BB0-D568-4DA5-808F-749F51A542A2}.Debug|Any CPU.ActiveCfg = Debug|Any CPU
		{2A044BB0-D568-4DA5-808F-749F51A542A2}.Debug|Any CPU.Build.0 = Debug|Any CPU
		{2A044BB0-D568-4DA5-808F-749F51A542A2}.Release|Any CPU.ActiveCfg = Release|Any CPU
		{2A044BB0-D568-4DA5-808F-749F51A542A2}.Release|Any CPU.Build.0 = Release|Any CPU
		{44863134-02BA-484B-9DA4-221F0E4BD0ED}.Debug|Any CPU.ActiveCfg = Debug|Any CPU
		{44863134-02BA-484B-9DA4-221F0E4BD0ED}.Debug|Any CPU.Build.0 = Debug|Any CPU
		{44863134-02BA-484B-9DA4-221F0E4BD0ED}.Release|Any CPU.ActiveCfg = Release|Any CPU
		{44863134-02BA-484B-9DA4-221F0E4BD0ED}.Release|Any CPU.Build.0 = Release|Any CPU
		{D2562C6F-622B-49D0-81A8-FD785B65D2E1}.Debug|Any CPU.ActiveCfg = Debug|Any CPU
		{D2562C6F-622B-49D0-81A8-FD785B65D2E1}.Debug|Any CPU.Build.0 = Debug|Any CPU
		{D2562C6F-622B-49D0-81A8-FD785B65D2E1}.Release|Any CPU.ActiveCfg = Release|Any CPU
		{D2562C6F-622B-49D0-81A8-FD785B65D2E1}.Release|Any CPU.Build.0 = Release|Any CPU
	EndGlobalSection
	GlobalSection(SolutionProperties) = preSolution
		HideSolutionNode = FALSE
	EndGlobalSection
	GlobalSection(ExtensibilityGlobals) = postSolution
		SolutionGuid = {F1587DE8-908C-49A6-BB16-EB0FC7DA4103}
	EndGlobalSection
EndGlobal
